
Microsoft Visual Studio Solution File, Format Version 12.00
# Visual Studio Version 17
VisualStudioVersion = 17.8.34408.163
MinimumVisualStudioVersion = 10.0.40219.1
Project("{9A19103F-16F7-4668-BE54-9A1E7A4F7556}") = "Application", "Application\Application.csproj", "{51710630-18F4-4155-918E-A56FD5687A08}"
EndProject
Project("{9A19103F-16F7-4668-BE54-9A1E7A4F7556}") = "Common", "Common\Common.csproj", "{7B12379E-9346-4014-9079-6B16B076641F}"
EndProject
Project("{9A19103F-16F7-4668-BE54-9A1E7A4F7556}") = "Presentation", "Presentation\Presentation.csproj", "{B820AEB6-B497-43E1-B2F1-5ADEC33F1100}"
EndProject
Project("{FAE04EC0-301F-11D3-BF4B-00C04F79EFBC}") = "WCFPresentation", "WCFPresentation\WCFPresentation.csproj", "{C1171402-5ACD-4BC3-916E-040F774275EE}"
EndProject
Project("{FAE04EC0-301F-11D3-BF4B-00C04F79EFBC}") = "Infrastructure", "Infrastructure1\Infrastructure.csproj", "{08C996FD-A18A-4DC8-90A4-B54C85AA5595}"
EndProject
Project("{FAE04EC0-301F-11D3-BF4B-00C04F79EFBC}") = "Domain", "Domain1\Domain.csproj", "{23D0D575-52D4-41C4-BDBD-C5B28D75DC56}"
EndProject
Project("{FAE04EC0-301F-11D3-BF4B-00C04F79EFBC}") = "DataAccessLayer", "DataAccessLayer1\DataAccessLayer.csproj", "{54CCAEF7-9F47-4AC1-A047-9674411C3B46}"
EndProject
Global
	GlobalSection(SolutionConfigurationPlatforms) = preSolution
		Debug|Any CPU = Debug|Any CPU
		Release|Any CPU = Release|Any CPU
	EndGlobalSection
	GlobalSection(ProjectConfigurationPlatforms) = postSolution
		{51710630-18F4-4155-918E-A56FD5687A08}.Debug|Any CPU.ActiveCfg = Debug|Any CPU
		{51710630-18F4-4155-918E-A56FD5687A08}.Debug|Any CPU.Build.0 = Debug|Any CPU
		{51710630-18F4-4155-918E-A56FD5687A08}.Release|Any CPU.ActiveCfg = Release|Any CPU
		{51710630-18F4-4155-918E-A56FD5687A08}.Release|Any CPU.Build.0 = Release|Any CPU
		{7B12379E-9346-4014-9079-6B16B076641F}.Debug|Any CPU.ActiveCfg = Debug|Any CPU
		{7B12379E-9346-4014-9079-6B16B076641F}.Debug|Any CPU.Build.0 = Debug|Any CPU
		{7B12379E-9346-4014-9079-6B16B076641F}.Release|Any CPU.ActiveCfg = Release|Any CPU
		{7B12379E-9346-4014-9079-6B16B076641F}.Release|Any CPU.Build.0 = Release|Any CPU
		{B820AEB6-B497-43E1-B2F1-5ADEC33F1100}.Debug|Any CPU.ActiveCfg = Debug|Any CPU
		{B820AEB6-B497-43E1-B2F1-5ADEC33F1100}.Debug|Any CPU.Build.0 = Debug|Any CPU
		{B820AEB6-B497-43E1-B2F1-5ADEC33F1100}.Release|Any CPU.ActiveCfg = Release|Any CPU
		{B820AEB6-B497-43E1-B2F1-5ADEC33F1100}.Release|Any CPU.Build.0 = Release|Any CPU
		{C1171402-5ACD-4BC3-916E-040F774275EE}.Debug|Any CPU.ActiveCfg = Debug|Any CPU
		{C1171402-5ACD-4BC3-916E-040F774275EE}.Debug|Any CPU.Build.0 = Debug|Any CPU
		{C1171402-5ACD-4BC3-916E-040F774275EE}.Release|Any CPU.ActiveCfg = Release|Any CPU
		{C1171402-5ACD-4BC3-916E-040F774275EE}.Release|Any CPU.Build.0 = Release|Any CPU
		{08C996FD-A18A-4DC8-90A4-B54C85AA5595}.Debug|Any CPU.ActiveCfg = Debug|Any CPU
		{08C996FD-A18A-4DC8-90A4-B54C85AA5595}.Debug|Any CPU.Build.0 = Debug|Any CPU
		{08C996FD-A18A-4DC8-90A4-B54C85AA5595}.Release|Any CPU.ActiveCfg = Release|Any CPU
		{08C996FD-A18A-4DC8-90A4-B54C85AA5595}.Release|Any CPU.Build.0 = Release|Any CPU
		{23D0D575-52D4-41C4-BDBD-C5B28D75DC56}.Debug|Any CPU.ActiveCfg = Debug|Any CPU
		{23D0D575-52D4-41C4-BDBD-C5B28D75DC56}.Debug|Any CPU.Build.0 = Debug|Any CPU
		{23D0D575-52D4-41C4-BDBD-C5B28D75DC56}.Release|Any CPU.ActiveCfg = Release|Any CPU
		{23D0D575-52D4-41C4-BDBD-C5B28D75DC56}.Release|Any CPU.Build.0 = Release|Any CPU
		{54CCAEF7-9F47-4AC1-A047-9674411C3B46}.Debug|Any CPU.ActiveCfg = Debug|Any CPU
		{54CCAEF7-9F47-4AC1-A047-9674411C3B46}.Debug|Any CPU.Build.0 = Debug|Any CPU
		{54CCAEF7-9F47-4AC1-A047-9674411C3B46}.Release|Any CPU.ActiveCfg = Release|Any CPU
		{54CCAEF7-9F47-4AC1-A047-9674411C3B46}.Release|Any CPU.Build.0 = Release|Any CPU
	EndGlobalSection
	GlobalSection(SolutionProperties) = preSolution
		HideSolutionNode = FALSE
	EndGlobalSection
	GlobalSection(ExtensibilityGlobals) = postSolution
		SolutionGuid = {0231C22D-A871-46D5-80D5-AF6190776341}
	EndGlobalSection
EndGlobal
